
Microsoft Visual Studio Solution File, Format Version 12.00
# Visual Studio Version 17
VisualStudioVersion = 17.7.34031.279
MinimumVisualStudioVersion = 10.0.40219.1
Project("{FAE04EC0-301F-11D3-BF4B-00C04F79EFBC}") = "HockeyData", "ConsoleApp1\HockeyData.csproj", "{8B6462CF-5575-40EC-98A9-CF57FD711C49}"
EndProject
Project("{FAE04EC0-301F-11D3-BF4B-00C04F79EFBC}") = "Utilities", "Utilities\Utilities.csproj", "{8A698312-6819-4DA8-A1C0-565AD145620A}"
EndProject
Global
	GlobalSection(SolutionConfigurationPlatforms) = preSolution
		Debug|Any CPU = Debug|Any CPU
		Release|Any CPU = Release|Any CPU
	EndGlobalSection
	GlobalSection(ProjectConfigurationPlatforms) = postSolution
		{8B6462CF-5575-40EC-98A9-CF57FD711C49}.Debug|Any CPU.ActiveCfg = Debug|Any CPU
		{8B6462CF-5575-40EC-98A9-CF57FD711C49}.Debug|Any CPU.Build.0 = Debug|Any CPU
		{8B6462CF-5575-40EC-98A9-CF57FD711C49}.Release|Any CPU.ActiveCfg = Release|Any CPU
		{8B6462CF-5575-40EC-98A9-CF57FD711C49}.Release|Any CPU.Build.0 = Release|Any CPU
		{8A698312-6819-4DA8-A1C0-565AD145620A}.Debug|Any CPU.ActiveCfg = Debug|Any CPU
		{8A698312-6819-4DA8-A1C0-565AD145620A}.Debug|Any CPU.Build.0 = Debug|Any CPU
		{8A698312-6819-4DA8-A1C0-565AD145620A}.Release|Any CPU.ActiveCfg = Release|Any CPU
		{8A698312-6819-4DA8-A1C0-565AD145620A}.Release|Any CPU.Build.0 = Release|Any CPU
	EndGlobalSection
	GlobalSection(SolutionProperties) = preSolution
		HideSolutionNode = FALSE
	EndGlobalSection
	GlobalSection(ExtensibilityGlobals) = postSolution
		SolutionGuid = {1B019FD5-731F-48EB-88C2-527774E7EF05}
	EndGlobalSection
EndGlobal
