
Microsoft Visual Studio Solution File, Format Version 12.00
# Visual Studio Version 17
VisualStudioVersion = 17.7.34031.279
MinimumVisualStudioVersion = 10.0.40219.1
Project("{FAE04EC0-301F-11D3-BF4B-00C04F79EFBC}") = "HockeyData", "HockeyData\HockeyData.csproj", "{DFEFACA3-80F8-4BC4-BA66-22FFF674CE45}"
EndProject
Global
	GlobalSection(SolutionConfigurationPlatforms) = preSolution
		Debug|Any CPU = Debug|Any CPU
		Release|Any CPU = Release|Any CPU
	EndGlobalSection
	GlobalSection(ProjectConfigurationPlatforms) = postSolution
		{DFEFACA3-80F8-4BC4-BA66-22FFF674CE45}.Debug|Any CPU.ActiveCfg = Debug|Any CPU
		{DFEFACA3-80F8-4BC4-BA66-22FFF674CE45}.Debug|Any CPU.Build.0 = Debug|Any CPU
		{DFEFACA3-80F8-4BC4-BA66-22FFF674CE45}.Release|Any CPU.ActiveCfg = Release|Any CPU
		{DFEFACA3-80F8-4BC4-BA66-22FFF674CE45}.Release|Any CPU.Build.0 = Release|Any CPU
	EndGlobalSection
	GlobalSection(SolutionProperties) = preSolution
		HideSolutionNode = FALSE
	EndGlobalSection
	GlobalSection(ExtensibilityGlobals) = postSolution
		SolutionGuid = {45CCA069-3730-40B9-A3B4-1390332976BD}
	EndGlobalSection
EndGlobal
